# THIS IS AN AUTOGENERATED FILE. DO NOT EDIT THIS FILE DIRECTLY.
# yarn lockfile v1


"@stimulus-components/scroll-to@^5.0.1":
  version "5.0.1"
  resolved "https://registry.yarnpkg.com/@stimulus-components/scroll-to/-/scroll-to-5.0.1.tgz#5697578a0be4ee374880db62c2c68fcd49a6ae4a"
  integrity sha512-teJlu+wQAw3Bl5vI2TJLzW0OxH8W05StYPlWZFUDjudJzhUZwuF27dfu+KH/PwEELWyRyiwC+msXlXXWSTeHmQ==
